
Microsoft Visual Studio Solution File, Format Version 12.00
# Visual Studio Version 16
VisualStudioVersion = 16.0.31005.135
MinimumVisualStudioVersion = 10.0.40219.1
Project("{FAE04EC0-301F-11D3-BF4B-00C04F79EFBC}") = "Labi2", "Labi2\Labi2.csproj", "{691C2BB5-9A6D-4A37-8A20-2B7ED50F4497}"
EndProject
Global
	GlobalSection(SolutionConfigurationPlatforms) = preSolution
		Debug|Any CPU = Debug|Any CPU
		Release|Any CPU = Release|Any CPU
	EndGlobalSection
	GlobalSection(ProjectConfigurationPlatforms) = postSolution
		{691C2BB5-9A6D-4A37-8A20-2B7ED50F4497}.Debug|Any CPU.ActiveCfg = Debug|Any CPU
		{691C2BB5-9A6D-4A37-8A20-2B7ED50F4497}.Debug|Any CPU.Build.0 = Debug|Any CPU
		{691C2BB5-9A6D-4A37-8A20-2B7ED50F4497}.Release|Any CPU.ActiveCfg = Release|Any CPU
		{691C2BB5-9A6D-4A37-8A20-2B7ED50F4497}.Release|Any CPU.Build.0 = Release|Any CPU
	EndGlobalSection
	GlobalSection(SolutionProperties) = preSolution
		HideSolutionNode = FALSE
	EndGlobalSection
	GlobalSection(ExtensibilityGlobals) = postSolution
		SolutionGuid = {A12EC131-78B4-4ADF-8155-CF4C2E02A996}
	EndGlobalSection
EndGlobal
